set_global_assignment -name NUM_PARALLEL_PROCESSORS @NPROCS@
set_global_assignment -name USE_CONFIGURATION_DEVICE OFF

set_global_assignment -name SLOW_SLEW_RATE Off
set_global_assignment -name TXPMA_SLEW_RATE Low
set_global_assignment -name SMART_RECOMPILE ON
set_global_assignment -name PHYSICAL_SYNTHESIS_COMBO_LOGIC ON
set_global_assignment -name PHYSICAL_SYNTHESIS_REGISTER_RETIMING ON
set_global_assignment -name PHYSICAL_SYNTHESIS_ASYNCHRONOUS_SIGNAL_PIPELINING ON
set_global_assignment -name PHYSICAL_SYNTHESIS_REGISTER_DUPLICATION ON
set_global_assignment -name PHYSICAL_SYNTHESIS_EFFORT EXTRA
set_global_assignment -name OPTIMIZATION_TECHNIQUE SPEED
set_global_assignment -name SYNTH_TIMING_DRIVEN_SYNTHESIS ON
set_global_assignment -name ROUTER_CLOCKING_TOPOLOGY_ANALYSIS ON
set_global_assignment -name MUX_RESTRUCTURE OFF
set_global_assignment -name EXTERNAL_FLASH_FALLBACK_ADDRESS 00000000
set_global_assignment -name STRATIXV_CONFIGURATION_SCHEME "PASSIVE SERIAL"
set_global_assignment -name INTERNAL_FLASH_UPDATE_MODE "SINGLE IMAGE WITH ERAM"
set_global_assignment -name ROUTER_TIMING_OPTIMIZATION_LEVEL MAXIMUM
set_global_assignment -name FITTER_EFFORT "STANDARD FIT"
set_global_assignment -name POWER_PRESET_COOLING_SOLUTION "NO HEAT SINK WITH STILL AIR"
set_global_assignment -name POWER_BOARD_THERMAL_MODEL TYPICAL
set_global_assignment -name TIMEQUEST_MULTICORNER_ANALYSIS ON
set_global_assignment -name OPTIMIZATION_MODE "AGGRESSIVE PERFORMANCE"
set_global_assignment -name ROUTER_LCELL_INSERTION_AND_LOGIC_DUPLICATION ON
set_global_assignment -name QII_AUTO_PACKED_REGISTERS NORMAL
set_global_assignment -name ADV_NETLIST_OPT_SYNTH_WYSIWYG_REMAP ON
set_global_assignment -name CYCLONEII_OPTIMIZATION_TECHNIQUE AREA

set_global_assignment -name STRATIX_DEVICE_IO_STANDARD "3.3-V LVCMOS"

set_location_assignment PIN_M9 -to refclk
set_location_assignment PIN_N9 -to reset

set_instance_assignment -to i_* -name VIRTUAL_PIN ON
set_instance_assignment -to d_* -name VIRTUAL_PIN ON
set_instance_assignment -to mtime* -name VIRTUAL_PIN ON

set_global_assignment -name AUTO_SHIFT_REGISTER_RECOGNITION ALWAYS
set_global_assignment -name ALLOW_ANY_ROM_SIZE_FOR_RECOGNITION ON
set_global_assignment -name ALLOW_ANY_RAM_SIZE_FOR_RECOGNITION ON
set_global_assignment -name ALLOW_ANY_SHIFT_REGISTER_SIZE_FOR_RECOGNITION ON
set_global_assignment -name PHYSICAL_SYNTHESIS_COMBO_LOGIC_FOR_AREA ON
set_global_assignment -name PHYSICAL_SYNTHESIS_MAP_LOGIC_TO_MEMORY_FOR_AREA ON
set_instance_assignment -name GLOBAL_SIGNAL "GLOBAL CLOCK" -to "clk"
